
Microsoft Visual Studio Solution File, Format Version 12.00
# Visual Studio Version 16
VisualStudioVersion = 16.0.29709.97
MinimumVisualStudioVersion = 10.0.40219.1
Project("{FAE04EC0-301F-11D3-BF4B-00C04F79EFBC}") = "LearnTestingNameSpace", "LearnTesting\LearnTestingNameSpace.csproj", "{A068976B-EDD9-4AAD-A0BE-DDDAB759CA69}"
EndProject
Project("{FAE04EC0-301F-11D3-BF4B-00C04F79EFBC}") = "PermissionNameSpace", "Permission\PermissionNameSpace.csproj", "{9483893D-4C56-4296-958B-B93C4A2966DA}"
EndProject
Project("{FAE04EC0-301F-11D3-BF4B-00C04F79EFBC}") = "TestAdd", "TestAdd\TestAdd.csproj", "{5F102724-B968-4D91-A896-EE7397CC443C}"
EndProject
Project("{FAE04EC0-301F-11D3-BF4B-00C04F79EFBC}") = "TwoNumbersNameSpace", "TwoNumbersNameSpace\TwoNumbersNameSpace.csproj", "{56D18346-1DA9-4383-9882-F19C1BD70BFC}"
EndProject
Project("{FAE04EC0-301F-11D3-BF4B-00C04F79EFBC}") = "TwoNumbersFakeNameSpace", "TwoNumbersFake\TwoNumbersFakeNameSpace.csproj", "{AA107FC7-050E-4429-B51A-6752CE7B8491}"
EndProject
Global
	GlobalSection(SolutionConfigurationPlatforms) = preSolution
		Debug|Any CPU = Debug|Any CPU
		Release|Any CPU = Release|Any CPU
	EndGlobalSection
	GlobalSection(ProjectConfigurationPlatforms) = postSolution
		{A068976B-EDD9-4AAD-A0BE-DDDAB759CA69}.Debug|Any CPU.ActiveCfg = Debug|Any CPU
		{A068976B-EDD9-4AAD-A0BE-DDDAB759CA69}.Debug|Any CPU.Build.0 = Debug|Any CPU
		{A068976B-EDD9-4AAD-A0BE-DDDAB759CA69}.Release|Any CPU.ActiveCfg = Release|Any CPU
		{A068976B-EDD9-4AAD-A0BE-DDDAB759CA69}.Release|Any CPU.Build.0 = Release|Any CPU
		{9483893D-4C56-4296-958B-B93C4A2966DA}.Debug|Any CPU.ActiveCfg = Debug|Any CPU
		{9483893D-4C56-4296-958B-B93C4A2966DA}.Debug|Any CPU.Build.0 = Debug|Any CPU
		{9483893D-4C56-4296-958B-B93C4A2966DA}.Release|Any CPU.ActiveCfg = Release|Any CPU
		{9483893D-4C56-4296-958B-B93C4A2966DA}.Release|Any CPU.Build.0 = Release|Any CPU
		{5F102724-B968-4D91-A896-EE7397CC443C}.Debug|Any CPU.ActiveCfg = Debug|Any CPU
		{5F102724-B968-4D91-A896-EE7397CC443C}.Debug|Any CPU.Build.0 = Debug|Any CPU
		{5F102724-B968-4D91-A896-EE7397CC443C}.Release|Any CPU.ActiveCfg = Release|Any CPU
		{5F102724-B968-4D91-A896-EE7397CC443C}.Release|Any CPU.Build.0 = Release|Any CPU
		{56D18346-1DA9-4383-9882-F19C1BD70BFC}.Debug|Any CPU.ActiveCfg = Debug|Any CPU
		{56D18346-1DA9-4383-9882-F19C1BD70BFC}.Debug|Any CPU.Build.0 = Debug|Any CPU
		{56D18346-1DA9-4383-9882-F19C1BD70BFC}.Release|Any CPU.ActiveCfg = Release|Any CPU
		{56D18346-1DA9-4383-9882-F19C1BD70BFC}.Release|Any CPU.Build.0 = Release|Any CPU
		{AA107FC7-050E-4429-B51A-6752CE7B8491}.Debug|Any CPU.ActiveCfg = Debug|Any CPU
		{AA107FC7-050E-4429-B51A-6752CE7B8491}.Debug|Any CPU.Build.0 = Debug|Any CPU
		{AA107FC7-050E-4429-B51A-6752CE7B8491}.Release|Any CPU.ActiveCfg = Release|Any CPU
		{AA107FC7-050E-4429-B51A-6752CE7B8491}.Release|Any CPU.Build.0 = Release|Any CPU
	EndGlobalSection
	GlobalSection(SolutionProperties) = preSolution
		HideSolutionNode = FALSE
	EndGlobalSection
	GlobalSection(ExtensibilityGlobals) = postSolution
		SolutionGuid = {8B96E7EC-7C80-429D-8EC3-1BC2F34CFA5A}
	EndGlobalSection
EndGlobal
